
Microsoft Visual Studio Solution File, Format Version 12.00
# Visual Studio 15
VisualStudioVersion = 15.0.28307.489
MinimumVisualStudioVersion = 10.0.40219.1
Project("{F2A71F9B-5D33-465A-A702-920D77279786}") = "PCL_Project", "PCL_Project\PCL_Project.fsproj", "{125E8DAB-F2E6-422A-B2C6-1C6A9E2EE844}"
EndProject
Global
	GlobalSection(SolutionConfigurationPlatforms) = preSolution
		Debug|Any CPU = Debug|Any CPU
		Release|Any CPU = Release|Any CPU
	EndGlobalSection
	GlobalSection(ProjectConfigurationPlatforms) = postSolution
		{125E8DAB-F2E6-422A-B2C6-1C6A9E2EE844}.Debug|Any CPU.ActiveCfg = Debug|Any CPU
		{125E8DAB-F2E6-422A-B2C6-1C6A9E2EE844}.Debug|Any CPU.Build.0 = Debug|Any CPU
		{125E8DAB-F2E6-422A-B2C6-1C6A9E2EE844}.Release|Any CPU.ActiveCfg = Release|Any CPU
		{125E8DAB-F2E6-422A-B2C6-1C6A9E2EE844}.Release|Any CPU.Build.0 = Release|Any CPU
	EndGlobalSection
	GlobalSection(SolutionProperties) = preSolution
		HideSolutionNode = FALSE
	EndGlobalSection
	GlobalSection(ExtensibilityGlobals) = postSolution
		SolutionGuid = {51C45078-7792-4B51-9546-83D7656B508A}
	EndGlobalSection
EndGlobal
